
Microsoft Visual Studio Solution File, Format Version 12.00
# Visual Studio Version 17
VisualStudioVersion = 17.0.31903.59
MinimumVisualStudioVersion = 10.0.40219.1
Project("{FAE04EC0-301F-11D3-BF4B-00C04F79EFBC}") = "TaskTrackerCLI", "TaskTrackerCLI\TaskTrackerCLI.csproj", "{96DC02FB-95C4-42E9-84EA-40164A5FC0CC}"
EndProject
Project("{FAE04EC0-301F-11D3-BF4B-00C04F79EFBC}") = "TaskTrackerCLI.BLL", "TaskTrackerCLI.BLL\TaskTrackerCLI.BLL.csproj", "{0DC2C5B3-67E1-4CE6-8108-0F95DDEF9062}"
EndProject
Global
	GlobalSection(SolutionConfigurationPlatforms) = preSolution
		Debug|Any CPU = Debug|Any CPU
		Release|Any CPU = Release|Any CPU
	EndGlobalSection
	GlobalSection(SolutionProperties) = preSolution
		HideSolutionNode = FALSE
	EndGlobalSection
	GlobalSection(ProjectConfigurationPlatforms) = postSolution
		{96DC02FB-95C4-42E9-84EA-40164A5FC0CC}.Debug|Any CPU.ActiveCfg = Debug|Any CPU
		{96DC02FB-95C4-42E9-84EA-40164A5FC0CC}.Debug|Any CPU.Build.0 = Debug|Any CPU
		{96DC02FB-95C4-42E9-84EA-40164A5FC0CC}.Release|Any CPU.ActiveCfg = Release|Any CPU
		{96DC02FB-95C4-42E9-84EA-40164A5FC0CC}.Release|Any CPU.Build.0 = Release|Any CPU
		{0DC2C5B3-67E1-4CE6-8108-0F95DDEF9062}.Debug|Any CPU.ActiveCfg = Debug|Any CPU
		{0DC2C5B3-67E1-4CE6-8108-0F95DDEF9062}.Debug|Any CPU.Build.0 = Debug|Any CPU
		{0DC2C5B3-67E1-4CE6-8108-0F95DDEF9062}.Release|Any CPU.ActiveCfg = Release|Any CPU
		{0DC2C5B3-67E1-4CE6-8108-0F95DDEF9062}.Release|Any CPU.Build.0 = Release|Any CPU
	EndGlobalSection
EndGlobal
